// !$*UTF8*$!
{
	archiveVersion = 1;
	classes = {
	};
	objectVersion = 56;
	objects = {

/* Begin PBXBuildFile section */
		299465B24912701327391771 /* Pods_DatingApp.framework in Frameworks */ = {isa = PBXBuildFile; fileRef = 895D7909C3056D35AD3EFAB4 /* Pods_DatingApp.framework */; };
		C40491EE2B999D2A00BECE41 /* LowerStackViews.swift in Sources */ = {isa = PBXBuildFile; fileRef = C40491ED2B999D2A00BECE41 /* LowerStackViews.swift */; };
		C40491F02B99C70A00BECE41 /* CardView.swift in Sources */ = {isa = PBXBuildFile; fileRef = C40491EF2B99C70A00BECE41 /* CardView.swift */; };
		C40E22CB2B9CEF35001DDAE5 /* AuthenticationViewModel.swift in Sources */ = {isa = PBXBuildFile; fileRef = C40E22CA2B9CEF35001DDAE5 /* AuthenticationViewModel.swift */; };
		C41CF1962BC5C94B009401CA /* MatchView.swift in Sources */ = {isa = PBXBuildFile; fileRef = C41CF1952BC5C94B009401CA /* MatchView.swift */; };
		C42B58782BA10D28000827AC /* Constants.swift in Sources */ = {isa = PBXBuildFile; fileRef = C42B58772BA10D28000827AC /* Constants.swift */; };
		C43ABC692B9DEFF100C1D5CC /* ServiceAuthentication.swift in Sources */ = {isa = PBXBuildFile; fileRef = C43ABC682B9DEFF100C1D5CC /* ServiceAuthentication.swift */; };
		C43ABC6B2B9DF00D00C1D5CC /* Service.swift in Sources */ = {isa = PBXBuildFile; fileRef = C43ABC6A2B9DF00D00C1D5CC /* Service.swift */; };
		C44199802B9D90C70088E5DA /* GoogleService-Info.plist in Resources */ = {isa = PBXBuildFile; fileRef = C441997F2B9D90C70088E5DA /* GoogleService-Info.plist */; };
		C4651D0F2B990B5800A87A56 /* MainNavigationStackView.swift in Sources */ = {isa = PBXBuildFile; fileRef = C4651D0E2B990B5800A87A56 /* MainNavigationStackView.swift */; };
		C47387422BBE00E900964E7A /* SettingsFooterView.swift in Sources */ = {isa = PBXBuildFile; fileRef = C47387412BBE00E900964E7A /* SettingsFooterView.swift */; };
		C491C3ED2B9ADD7F0036571E /* UserModel.swift in Sources */ = {isa = PBXBuildFile; fileRef = C491C3EC2B9ADD7F0036571E /* UserModel.swift */; };
		C4A210902BC1AF1F00CC25F4 /* ProfileCellView.swift in Sources */ = {isa = PBXBuildFile; fileRef = C4A2108F2BC1AF1F00CC25F4 /* ProfileCellView.swift */; };
		C4B15A182B9AECA800B701FA /* CardViewModel.swift in Sources */ = {isa = PBXBuildFile; fileRef = C4B15A172B9AECA800B701FA /* CardViewModel.swift */; };
		C4B25F2C2BC675890095AD97 /* SendMessageButtonView.swift in Sources */ = {isa = PBXBuildFile; fileRef = C4B25F2B2BC675890095AD97 /* SendMessageButtonView.swift */; };
		C4B25F2E2BC675B80095AD97 /* KeepSwipingButtonView.swift in Sources */ = {isa = PBXBuildFile; fileRef = C4B25F2D2BC675B80095AD97 /* KeepSwipingButtonView.swift */; };
		C4B25F302BC6EDD70095AD97 /* MatchViewModel.swift in Sources */ = {isa = PBXBuildFile; fileRef = C4B25F2F2BC6EDD70095AD97 /* MatchViewModel.swift */; };
		C4B8D8242BC20B5300265990 /* ProfileViewModel.swift in Sources */ = {isa = PBXBuildFile; fileRef = C4B8D8232BC20B5300265990 /* ProfileViewModel.swift */; };
		C4BC6BB32BA78CE1001A98CD /* HeaderPhotosViews.swift in Sources */ = {isa = PBXBuildFile; fileRef = C4BC6BB22BA78CE1001A98CD /* HeaderPhotosViews.swift */; };
		C4C0ECB52BC295B1009AC4EC /* SegmentedBarView.swift in Sources */ = {isa = PBXBuildFile; fileRef = C4C0ECB42BC295B1009AC4EC /* SegmentedBarView.swift */; };
		C4CCFF252BA72B4F003C9EE6 /* SettingsController.swift in Sources */ = {isa = PBXBuildFile; fileRef = C4CCFF242BA72B4F003C9EE6 /* SettingsController.swift */; };
		C4CD874D2B98BF45005339B6 /* AppDelegate.swift in Sources */ = {isa = PBXBuildFile; fileRef = C4CD874C2B98BF45005339B6 /* AppDelegate.swift */; };
		C4CD874F2B98BF45005339B6 /* SceneDelegate.swift in Sources */ = {isa = PBXBuildFile; fileRef = C4CD874E2B98BF45005339B6 /* SceneDelegate.swift */; };
		C4CD87542B98BF45005339B6 /* Main.storyboard in Resources */ = {isa = PBXBuildFile; fileRef = C4CD87522B98BF45005339B6 /* Main.storyboard */; };
		C4CD87562B98BF47005339B6 /* Assets.xcassets in Resources */ = {isa = PBXBuildFile; fileRef = C4CD87552B98BF47005339B6 /* Assets.xcassets */; };
		C4CD87592B98BF47005339B6 /* LaunchScreen.storyboard in Resources */ = {isa = PBXBuildFile; fileRef = C4CD87572B98BF47005339B6 /* LaunchScreen.storyboard */; };
		C4CE33562B9B98FA00A3CD63 /* LoginController.swift in Sources */ = {isa = PBXBuildFile; fileRef = C4CE33552B9B98FA00A3CD63 /* LoginController.swift */; };
		C4CE33582B9B99BC00A3CD63 /* RegisterController.swift in Sources */ = {isa = PBXBuildFile; fileRef = C4CE33572B9B99BC00A3CD63 /* RegisterController.swift */; };
		C4D0EC3B2BABEE43003EEF7C /* SettingsViewModel.swift in Sources */ = {isa = PBXBuildFile; fileRef = C4D0EC3A2BABEE43003EEF7C /* SettingsViewModel.swift */; };
		C4DE53BC2BC177BB008826FA /* ProfileController.swift in Sources */ = {isa = PBXBuildFile; fileRef = C4DE53BB2BC177BB008826FA /* ProfileController.swift */; };
		C4E33A2C2BABB2D800F8E2BD /* SettingsCellsView.swift in Sources */ = {isa = PBXBuildFile; fileRef = C4E33A2B2BABB2D800F8E2BD /* SettingsCellsView.swift */; };
		C4F11C662B98C50500FE31AA /* MainController.swift in Sources */ = {isa = PBXBuildFile; fileRef = C4F11C652B98C50500FE31AA /* MainController.swift */; };
		C4F11C692B98C5E000FE31AA /* Extensions.swift in Sources */ = {isa = PBXBuildFile; fileRef = C4F11C682B98C5E000FE31AA /* Extensions.swift */; };
		C4F7AF682BC7FAA50056C041 /* MessagesController.swift in Sources */ = {isa = PBXBuildFile; fileRef = C4F7AF672BC7FAA50056C041 /* MessagesController.swift */; };
		C4F95C042B9C262E00C74A43 /* TextFieldCustom.swift in Sources */ = {isa = PBXBuildFile; fileRef = C4F95C032B9C262E00C74A43 /* TextFieldCustom.swift */; };
		C4F95C062B9C313600C74A43 /* ButtonAuthentication.swift in Sources */ = {isa = PBXBuildFile; fileRef = C4F95C052B9C313600C74A43 /* ButtonAuthentication.swift */; };
/* End PBXBuildFile section */

/* Begin PBXFileReference section */
		067A7D26A2FACF2B07EDC30D /* Pods-DatingApp.debug.xcconfig */ = {isa = PBXFileReference; includeInIndex = 1; lastKnownFileType = text.xcconfig; name = "Pods-DatingApp.debug.xcconfig"; path = "Target Support Files/Pods-DatingApp/Pods-DatingApp.debug.xcconfig"; sourceTree = "<group>"; };
		895D7909C3056D35AD3EFAB4 /* Pods_DatingApp.framework */ = {isa = PBXFileReference; explicitFileType = wrapper.framework; includeInIndex = 0; path = Pods_DatingApp.framework; sourceTree = BUILT_PRODUCTS_DIR; };
		AE8B1AA9EC3F8D056EB5C032 /* Pods-DatingApp.release.xcconfig */ = {isa = PBXFileReference; includeInIndex = 1; lastKnownFileType = text.xcconfig; name = "Pods-DatingApp.release.xcconfig"; path = "Target Support Files/Pods-DatingApp/Pods-DatingApp.release.xcconfig"; sourceTree = "<group>"; };
		C40491ED2B999D2A00BECE41 /* LowerStackViews.swift */ = {isa = PBXFileReference; lastKnownFileType = sourcecode.swift; path = LowerStackViews.swift; sourceTree = "<group>"; };
		C40491EF2B99C70A00BECE41 /* CardView.swift */ = {isa = PBXFileReference; lastKnownFileType = sourcecode.swift; path = CardView.swift; sourceTree = "<group>"; };
		C40E22CA2B9CEF35001DDAE5 /* AuthenticationViewModel.swift */ = {isa = PBXFileReference; lastKnownFileType = sourcecode.swift; path = AuthenticationViewModel.swift; sourceTree = "<group>"; };
		C41CF1952BC5C94B009401CA /* MatchView.swift */ = {isa = PBXFileReference; lastKnownFileType = sourcecode.swift; path = MatchView.swift; sourceTree = "<group>"; };
		C42B58772BA10D28000827AC /* Constants.swift */ = {isa = PBXFileReference; lastKnownFileType = sourcecode.swift; path = Constants.swift; sourceTree = "<group>"; };
		C43ABC682B9DEFF100C1D5CC /* ServiceAuthentication.swift */ = {isa = PBXFileReference; lastKnownFileType = sourcecode.swift; path = ServiceAuthentication.swift; sourceTree = "<group>"; };
		C43ABC6A2B9DF00D00C1D5CC /* Service.swift */ = {isa = PBXFileReference; lastKnownFileType = sourcecode.swift; path = Service.swift; sourceTree = "<group>"; };
		C441997F2B9D90C70088E5DA /* GoogleService-Info.plist */ = {isa = PBXFileReference; fileEncoding = 4; lastKnownFileType = text.plist.xml; path = "GoogleService-Info.plist"; sourceTree = "<group>"; };
		C4651D0E2B990B5800A87A56 /* MainNavigationStackView.swift */ = {isa = PBXFileReference; lastKnownFileType = sourcecode.swift; path = MainNavigationStackView.swift; sourceTree = "<group>"; };
		C47387412BBE00E900964E7A /* SettingsFooterView.swift */ = {isa = PBXFileReference; lastKnownFileType = sourcecode.swift; path = SettingsFooterView.swift; sourceTree = "<group>"; };
		C491C3EC2B9ADD7F0036571E /* UserModel.swift */ = {isa = PBXFileReference; lastKnownFileType = sourcecode.swift; path = UserModel.swift; sourceTree = "<group>"; };
		C4A2108F2BC1AF1F00CC25F4 /* ProfileCellView.swift */ = {isa = PBXFileReference; lastKnownFileType = sourcecode.swift; path = ProfileCellView.swift; sourceTree = "<group>"; };
		C4B15A172B9AECA800B701FA /* CardViewModel.swift */ = {isa = PBXFileReference; lastKnownFileType = sourcecode.swift; path = CardViewModel.swift; sourceTree = "<group>"; };
		C4B25F2B2BC675890095AD97 /* SendMessageButtonView.swift */ = {isa = PBXFileReference; lastKnownFileType = sourcecode.swift; path = SendMessageButtonView.swift; sourceTree = "<group>"; };
		C4B25F2D2BC675B80095AD97 /* KeepSwipingButtonView.swift */ = {isa = PBXFileReference; lastKnownFileType = sourcecode.swift; path = KeepSwipingButtonView.swift; sourceTree = "<group>"; };
		C4B25F2F2BC6EDD70095AD97 /* MatchViewModel.swift */ = {isa = PBXFileReference; lastKnownFileType = sourcecode.swift; path = MatchViewModel.swift; sourceTree = "<group>"; };
		C4B8D8232BC20B5300265990 /* ProfileViewModel.swift */ = {isa = PBXFileReference; lastKnownFileType = sourcecode.swift; path = ProfileViewModel.swift; sourceTree = "<group>"; };
		C4BC6BB22BA78CE1001A98CD /* HeaderPhotosViews.swift */ = {isa = PBXFileReference; lastKnownFileType = sourcecode.swift; path = HeaderPhotosViews.swift; sourceTree = "<group>"; };
		C4C0ECB42BC295B1009AC4EC /* SegmentedBarView.swift */ = {isa = PBXFileReference; lastKnownFileType = sourcecode.swift; path = SegmentedBarView.swift; sourceTree = "<group>"; };
		C4CCFF242BA72B4F003C9EE6 /* SettingsController.swift */ = {isa = PBXFileReference; lastKnownFileType = sourcecode.swift; path = SettingsController.swift; sourceTree = "<group>"; };
		C4CD87492B98BF45005339B6 /* DatingApp.app */ = {isa = PBXFileReference; explicitFileType = wrapper.application; includeInIndex = 0; path = DatingApp.app; sourceTree = BUILT_PRODUCTS_DIR; };
		C4CD874C2B98BF45005339B6 /* AppDelegate.swift */ = {isa = PBXFileReference; lastKnownFileType = sourcecode.swift; path = AppDelegate.swift; sourceTree = "<group>"; };
		C4CD874E2B98BF45005339B6 /* SceneDelegate.swift */ = {isa = PBXFileReference; lastKnownFileType = sourcecode.swift; path = SceneDelegate.swift; sourceTree = "<group>"; };
		C4CD87532B98BF45005339B6 /* Base */ = {isa = PBXFileReference; lastKnownFileType = file.storyboard; name = Base; path = Base.lproj/Main.storyboard; sourceTree = "<group>"; };
		C4CD87552B98BF47005339B6 /* Assets.xcassets */ = {isa = PBXFileReference; lastKnownFileType = folder.assetcatalog; path = Assets.xcassets; sourceTree = "<group>"; };
		C4CD87582B98BF47005339B6 /* Base */ = {isa = PBXFileReference; lastKnownFileType = file.storyboard; name = Base; path = Base.lproj/LaunchScreen.storyboard; sourceTree = "<group>"; };
		C4CD875A2B98BF47005339B6 /* Info.plist */ = {isa = PBXFileReference; lastKnownFileType = text.plist.xml; path = Info.plist; sourceTree = "<group>"; };
		C4CE33552B9B98FA00A3CD63 /* LoginController.swift */ = {isa = PBXFileReference; lastKnownFileType = sourcecode.swift; path = LoginController.swift; sourceTree = "<group>"; };
		C4CE33572B9B99BC00A3CD63 /* RegisterController.swift */ = {isa = PBXFileReference; lastKnownFileType = sourcecode.swift; path = RegisterController.swift; sourceTree = "<group>"; };
		C4D0EC3A2BABEE43003EEF7C /* SettingsViewModel.swift */ = {isa = PBXFileReference; lastKnownFileType = sourcecode.swift; path = SettingsViewModel.swift; sourceTree = "<group>"; };
		C4DE53BB2BC177BB008826FA /* ProfileController.swift */ = {isa = PBXFileReference; lastKnownFileType = sourcecode.swift; path = ProfileController.swift; sourceTree = "<group>"; };
		C4E33A2B2BABB2D800F8E2BD /* SettingsCellsView.swift */ = {isa = PBXFileReference; lastKnownFileType = sourcecode.swift; path = SettingsCellsView.swift; sourceTree = "<group>"; };
		C4F11C652B98C50500FE31AA /* MainController.swift */ = {isa = PBXFileReference; lastKnownFileType = sourcecode.swift; path = MainController.swift; sourceTree = "<group>"; };
		C4F11C682B98C5E000FE31AA /* Extensions.swift */ = {isa = PBXFileReference; lastKnownFileType = sourcecode.swift; path = Extensions.swift; sourceTree = "<group>"; };
		C4F7AF672BC7FAA50056C041 /* MessagesController.swift */ = {isa = PBXFileReference; lastKnownFileType = sourcecode.swift; path = MessagesController.swift; sourceTree = "<group>"; };
		C4F95C032B9C262E00C74A43 /* TextFieldCustom.swift */ = {isa = PBXFileReference; lastKnownFileType = sourcecode.swift; path = TextFieldCustom.swift; sourceTree = "<group>"; };
		C4F95C052B9C313600C74A43 /* ButtonAuthentication.swift */ = {isa = PBXFileReference; lastKnownFileType = sourcecode.swift; path = ButtonAuthentication.swift; sourceTree = "<group>"; };
/* End PBXFileReference section */

/* Begin PBXFrameworksBuildPhase section */
		C4CD87462B98BF45005339B6 /* Frameworks */ = {
			isa = PBXFrameworksBuildPhase;
			buildActionMask = 2147483647;
			files = (
				299465B24912701327391771 /* Pods_DatingApp.framework in Frameworks */,
			);
			runOnlyForDeploymentPostprocessing = 0;
		};
/* End PBXFrameworksBuildPhase section */

/* Begin PBXGroup section */
		75BF854948ECA3D0504D2B0F /* Frameworks */ = {
			isa = PBXGroup;
			children = (
				895D7909C3056D35AD3EFAB4 /* Pods_DatingApp.framework */,
			);
			name = Frameworks;
			sourceTree = "<group>";
		};
		A2D4277A325016554C39F7F3 /* Pods */ = {
			isa = PBXGroup;
			children = (
				067A7D26A2FACF2B07EDC30D /* Pods-DatingApp.debug.xcconfig */,
				AE8B1AA9EC3F8D056EB5C032 /* Pods-DatingApp.release.xcconfig */,
			);
			path = Pods;
			sourceTree = "<group>";
		};
		C43ABC672B9DEFA100C1D5CC /* API */ = {
			isa = PBXGroup;
			children = (
				C43ABC682B9DEFF100C1D5CC /* ServiceAuthentication.swift */,
				C43ABC6A2B9DF00D00C1D5CC /* Service.swift */,
			);
			path = API;
			sourceTree = "<group>";
		};
		C47387432BBE023C00964E7A /* SettingsView */ = {
			isa = PBXGroup;
			children = (
				C4BC6BB22BA78CE1001A98CD /* HeaderPhotosViews.swift */,
				C4E33A2B2BABB2D800F8E2BD /* SettingsCellsView.swift */,
				C47387412BBE00E900964E7A /* SettingsFooterView.swift */,
			);
			path = SettingsView;
			sourceTree = "<group>";
		};
		C4CD87402B98BF45005339B6 = {
			isa = PBXGroup;
			children = (
				C4CD874B2B98BF45005339B6 /* DatingApp */,
				C4CD874A2B98BF45005339B6 /* Products */,
				A2D4277A325016554C39F7F3 /* Pods */,
				75BF854948ECA3D0504D2B0F /* Frameworks */,
			);
			sourceTree = "<group>";
		};
		C4CD874A2B98BF45005339B6 /* Products */ = {
			isa = PBXGroup;
			children = (
				C4CD87492B98BF45005339B6 /* DatingApp.app */,
			);
			name = Products;
			sourceTree = "<group>";
		};
		C4CD874B2B98BF45005339B6 /* DatingApp */ = {
			isa = PBXGroup;
			children = (
				C441997F2B9D90C70088E5DA /* GoogleService-Info.plist */,
				C4CD875A2B98BF47005339B6 /* Info.plist */,
				C4F11C632B98C37000FE31AA /* Model */,
				C4F11C612B98C35C00FE31AA /* View */,
				C4F11C622B98C36200FE31AA /* ViewModel */,
				C4F11C602B98C33F00FE31AA /* Controller */,
				C43ABC672B9DEFA100C1D5CC /* API */,
				C4F11C672B98C5A800FE31AA /* OtherScripts */,
				C4F11C642B98C44500FE31AA /* ExistingTools */,
			);
			path = DatingApp;
			sourceTree = "<group>";
		};
		C4CE33542B9B98BF00A3CD63 /* Authentication */ = {
			isa = PBXGroup;
			children = (
				C4CE33552B9B98FA00A3CD63 /* LoginController.swift */,
				C4CE33572B9B99BC00A3CD63 /* RegisterController.swift */,
			);
			path = Authentication;
			sourceTree = "<group>";
		};
		C4F11C602B98C33F00FE31AA /* Controller */ = {
			isa = PBXGroup;
			children = (
				C4CE33542B9B98BF00A3CD63 /* Authentication */,
				C4F11C652B98C50500FE31AA /* MainController.swift */,
				C4CCFF242BA72B4F003C9EE6 /* SettingsController.swift */,
				C4DE53BB2BC177BB008826FA /* ProfileController.swift */,
				C4F7AF672BC7FAA50056C041 /* MessagesController.swift */,
			);
			path = Controller;
			sourceTree = "<group>";
		};
		C4F11C612B98C35C00FE31AA /* View */ = {
			isa = PBXGroup;
			children = (
				C47387432BBE023C00964E7A /* SettingsView */,
				C4651D0E2B990B5800A87A56 /* MainNavigationStackView.swift */,
				C40491ED2B999D2A00BECE41 /* LowerStackViews.swift */,
				C40491EF2B99C70A00BECE41 /* CardView.swift */,
				C4A2108F2BC1AF1F00CC25F4 /* ProfileCellView.swift */,
				C4C0ECB42BC295B1009AC4EC /* SegmentedBarView.swift */,
				C41CF1952BC5C94B009401CA /* MatchView.swift */,
				C4B25F2B2BC675890095AD97 /* SendMessageButtonView.swift */,
				C4B25F2D2BC675B80095AD97 /* KeepSwipingButtonView.swift */,
			);
			path = View;
			sourceTree = "<group>";
		};
		C4F11C622B98C36200FE31AA /* ViewModel */ = {
			isa = PBXGroup;
			children = (
				C4B15A172B9AECA800B701FA /* CardViewModel.swift */,
				C40E22CA2B9CEF35001DDAE5 /* AuthenticationViewModel.swift */,
				C4D0EC3A2BABEE43003EEF7C /* SettingsViewModel.swift */,
				C4B8D8232BC20B5300265990 /* ProfileViewModel.swift */,
				C4B25F2F2BC6EDD70095AD97 /* MatchViewModel.swift */,
			);
			path = ViewModel;
			sourceTree = "<group>";
		};
		C4F11C632B98C37000FE31AA /* Model */ = {
			isa = PBXGroup;
			children = (
				C491C3EC2B9ADD7F0036571E /* UserModel.swift */,
			);
			path = Model;
			sourceTree = "<group>";
		};
		C4F11C642B98C44500FE31AA /* ExistingTools */ = {
			isa = PBXGroup;
			children = (
				C4CD874C2B98BF45005339B6 /* AppDelegate.swift */,
				C4CD874E2B98BF45005339B6 /* SceneDelegate.swift */,
				C4CD87522B98BF45005339B6 /* Main.storyboard */,
				C4CD87552B98BF47005339B6 /* Assets.xcassets */,
				C4CD87572B98BF47005339B6 /* LaunchScreen.storyboard */,
			);
			path = ExistingTools;
			sourceTree = "<group>";
		};
		C4F11C672B98C5A800FE31AA /* OtherScripts */ = {
			isa = PBXGroup;
			children = (
				C4F11C682B98C5E000FE31AA /* Extensions.swift */,
				C4F95C032B9C262E00C74A43 /* TextFieldCustom.swift */,
				C4F95C052B9C313600C74A43 /* ButtonAuthentication.swift */,
				C42B58772BA10D28000827AC /* Constants.swift */,
			);
			path = OtherScripts;
			sourceTree = "<group>";
		};
/* End PBXGroup section */

/* Begin PBXNativeTarget section */
		C4CD87482B98BF45005339B6 /* DatingApp */ = {
			isa = PBXNativeTarget;
			buildConfigurationList = C4CD875D2B98BF47005339B6 /* Build configuration list for PBXNativeTarget "DatingApp" */;
			buildPhases = (
				4A18DD28CD2212F03403811D /* [CP] Check Pods Manifest.lock */,
				C4CD87452B98BF45005339B6 /* Sources */,
				C4CD87462B98BF45005339B6 /* Frameworks */,
				C4CD87472B98BF45005339B6 /* Resources */,
				A15A4276D57B308B5320886E /* [CP] Embed Pods Frameworks */,
			);
			buildRules = (
			);
			dependencies = (
			);
			name = DatingApp;
			productName = DatingApp;
			productReference = C4CD87492B98BF45005339B6 /* DatingApp.app */;
			productType = "com.apple.product-type.application";
		};
/* End PBXNativeTarget section */

/* Begin PBXProject section */
		C4CD87412B98BF45005339B6 /* Project object */ = {
			isa = PBXProject;
			attributes = {
				BuildIndependentTargetsInParallel = 1;
				LastSwiftUpdateCheck = 1510;
				LastUpgradeCheck = 1510;
				TargetAttributes = {
					C4CD87482B98BF45005339B6 = {
						CreatedOnToolsVersion = 15.1;
					};
				};
			};
			buildConfigurationList = C4CD87442B98BF45005339B6 /* Build configuration list for PBXProject "DatingApp" */;
			compatibilityVersion = "Xcode 14.0";
			developmentRegion = en;
			hasScannedForEncodings = 0;
			knownRegions = (
				en,
				Base,
			);
			mainGroup = C4CD87402B98BF45005339B6;
			productRefGroup = C4CD874A2B98BF45005339B6 /* Products */;
			projectDirPath = "";
			projectRoot = "";
			targets = (
				C4CD87482B98BF45005339B6 /* DatingApp */,
			);
		};
/* End PBXProject section */

/* Begin PBXResourcesBuildPhase section */
		C4CD87472B98BF45005339B6 /* Resources */ = {
			isa = PBXResourcesBuildPhase;
			buildActionMask = 2147483647;
			files = (
				C4CD87592B98BF47005339B6 /* LaunchScreen.storyboard in Resources */,
				C44199802B9D90C70088E5DA /* GoogleService-Info.plist in Resources */,
				C4CD87562B98BF47005339B6 /* Assets.xcassets in Resources */,
				C4CD87542B98BF45005339B6 /* Main.storyboard in Resources */,
			);
			runOnlyForDeploymentPostprocessing = 0;
		};
/* End PBXResourcesBuildPhase section */

/* Begin PBXShellScriptBuildPhase section */
		4A18DD28CD2212F03403811D /* [CP] Check Pods Manifest.lock */ = {
			isa = PBXShellScriptBuildPhase;
			buildActionMask = 2147483647;
			files = (
			);
			inputFileListPaths = (
			);
			inputPaths = (
				"${PODS_PODFILE_DIR_PATH}/Podfile.lock",
				"${PODS_ROOT}/Manifest.lock",
			);
			name = "[CP] Check Pods Manifest.lock";
			outputFileListPaths = (
			);
			outputPaths = (
				"$(DERIVED_FILE_DIR)/Pods-DatingApp-checkManifestLockResult.txt",
			);
			runOnlyForDeploymentPostprocessing = 0;
			shellPath = /bin/sh;
			shellScript = "diff \"${PODS_PODFILE_DIR_PATH}/Podfile.lock\" \"${PODS_ROOT}/Manifest.lock\" > /dev/null\nif [ $? != 0 ] ; then\n    # print error to STDERR\n    echo \"error: The sandbox is not in sync with the Podfile.lock. Run 'pod install' or update your CocoaPods installation.\" >&2\n    exit 1\nfi\n# This output is used by Xcode 'outputs' to avoid re-running this script phase.\necho \"SUCCESS\" > \"${SCRIPT_OUTPUT_FILE_0}\"\n";
			showEnvVarsInLog = 0;
		};
		A15A4276D57B308B5320886E /* [CP] Embed Pods Frameworks */ = {
			isa = PBXShellScriptBuildPhase;
			buildActionMask = 2147483647;
			files = (
			);
			inputFileListPaths = (
				"${PODS_ROOT}/Target Support Files/Pods-DatingApp/Pods-DatingApp-frameworks-${CONFIGURATION}-input-files.xcfilelist",
			);
			name = "[CP] Embed Pods Frameworks";
			outputFileListPaths = (
				"${PODS_ROOT}/Target Support Files/Pods-DatingApp/Pods-DatingApp-frameworks-${CONFIGURATION}-output-files.xcfilelist",
			);
			runOnlyForDeploymentPostprocessing = 0;
			shellPath = /bin/sh;
			shellScript = "\"${PODS_ROOT}/Target Support Files/Pods-DatingApp/Pods-DatingApp-frameworks.sh\"\n";
			showEnvVarsInLog = 0;
		};
/* End PBXShellScriptBuildPhase section */

/* Begin PBXSourcesBuildPhase section */
		C4CD87452B98BF45005339B6 /* Sources */ = {
			isa = PBXSourcesBuildPhase;
			buildActionMask = 2147483647;
			files = (
				C4CCFF252BA72B4F003C9EE6 /* SettingsController.swift in Sources */,
				C4C0ECB52BC295B1009AC4EC /* SegmentedBarView.swift in Sources */,
				C4F95C042B9C262E00C74A43 /* TextFieldCustom.swift in Sources */,
				C42B58782BA10D28000827AC /* Constants.swift in Sources */,
				C40491F02B99C70A00BECE41 /* CardView.swift in Sources */,
				C40E22CB2B9CEF35001DDAE5 /* AuthenticationViewModel.swift in Sources */,
				C4F7AF682BC7FAA50056C041 /* MessagesController.swift in Sources */,
				C4CD874D2B98BF45005339B6 /* AppDelegate.swift in Sources */,
				C4CE33582B9B99BC00A3CD63 /* RegisterController.swift in Sources */,
				C4B25F2C2BC675890095AD97 /* SendMessageButtonView.swift in Sources */,
				C4B25F2E2BC675B80095AD97 /* KeepSwipingButtonView.swift in Sources */,
				C491C3ED2B9ADD7F0036571E /* UserModel.swift in Sources */,
				C4F11C662B98C50500FE31AA /* MainController.swift in Sources */,
				C4DE53BC2BC177BB008826FA /* ProfileController.swift in Sources */,
				C4651D0F2B990B5800A87A56 /* MainNavigationStackView.swift in Sources */,
				C40491EE2B999D2A00BECE41 /* LowerStackViews.swift in Sources */,
				C41CF1962BC5C94B009401CA /* MatchView.swift in Sources */,
				C4A210902BC1AF1F00CC25F4 /* ProfileCellView.swift in Sources */,
				C43ABC6B2B9DF00D00C1D5CC /* Service.swift in Sources */,
				C4B8D8242BC20B5300265990 /* ProfileViewModel.swift in Sources */,
				C4F95C062B9C313600C74A43 /* ButtonAuthentication.swift in Sources */,
				C4E33A2C2BABB2D800F8E2BD /* SettingsCellsView.swift in Sources */,
				C4CD874F2B98BF45005339B6 /* SceneDelegate.swift in Sources */,
				C4B25F302BC6EDD70095AD97 /* MatchViewModel.swift in Sources */,
				C43ABC692B9DEFF100C1D5CC /* ServiceAuthentication.swift in Sources */,
				C4F11C692B98C5E000FE31AA /* Extensions.swift in Sources */,
				C4B15A182B9AECA800B701FA /* CardViewModel.swift in Sources */,
				C4CE33562B9B98FA00A3CD63 /* LoginController.swift in Sources */,
				C4BC6BB32BA78CE1001A98CD /* HeaderPhotosViews.swift in Sources */,
				C47387422BBE00E900964E7A /* SettingsFooterView.swift in Sources */,
				C4D0EC3B2BABEE43003EEF7C /* SettingsViewModel.swift in Sources */,
			);
			runOnlyForDeploymentPostprocessing = 0;
		};
/* End PBXSourcesBuildPhase section */

/* Begin PBXVariantGroup section */
		C4CD87522B98BF45005339B6 /* Main.storyboard */ = {
			isa = PBXVariantGroup;
			children = (
				C4CD87532B98BF45005339B6 /* Base */,
			);
			name = Main.storyboard;
			sourceTree = "<group>";
		};
		C4CD87572B98BF47005339B6 /* LaunchScreen.storyboard */ = {
			isa = PBXVariantGroup;
			children = (
				C4CD87582B98BF47005339B6 /* Base */,
			);
			name = LaunchScreen.storyboard;
			sourceTree = "<group>";
		};
/* End PBXVariantGroup section */

/* Begin XCBuildConfiguration section */
		C4CD875B2B98BF47005339B6 /* Debug */ = {
			isa = XCBuildConfiguration;
			buildSettings = {
				ALWAYS_SEARCH_USER_PATHS = NO;
				ASSETCATALOG_COMPILER_GENERATE_SWIFT_ASSET_SYMBOL_EXTENSIONS = YES;
				CLANG_ANALYZER_NONNULL = YES;
				CLANG_ANALYZER_NUMBER_OBJECT_CONVERSION = YES_AGGRESSIVE;
				CLANG_CXX_LANGUAGE_STANDARD = "gnu++20";
				CLANG_ENABLE_MODULES = YES;
				CLANG_ENABLE_OBJC_ARC = YES;
				CLANG_ENABLE_OBJC_WEAK = YES;
				CLANG_WARN_BLOCK_CAPTURE_AUTORELEASING = YES;
				CLANG_WARN_BOOL_CONVERSION = YES;
				CLANG_WARN_COMMA = YES;
				CLANG_WARN_CONSTANT_CONVERSION = YES;
				CLANG_WARN_DEPRECATED_OBJC_IMPLEMENTATIONS = YES;
				CLANG_WARN_DIRECT_OBJC_ISA_USAGE = YES_ERROR;
				CLANG_WARN_DOCUMENTATION_COMMENTS = YES;
				CLANG_WARN_EMPTY_BODY = YES;
				CLANG_WARN_ENUM_CONVERSION = YES;
				CLANG_WARN_INFINITE_RECURSION = YES;
				CLANG_WARN_INT_CONVERSION = YES;
				CLANG_WARN_NON_LITERAL_NULL_CONVERSION = YES;
				CLANG_WARN_OBJC_IMPLICIT_RETAIN_SELF = YES;
				CLANG_WARN_OBJC_LITERAL_CONVERSION = YES;
				CLANG_WARN_OBJC_ROOT_CLASS = YES_ERROR;
				CLANG_WARN_QUOTED_INCLUDE_IN_FRAMEWORK_HEADER = YES;
				CLANG_WARN_RANGE_LOOP_ANALYSIS = YES;
				CLANG_WARN_STRICT_PROTOTYPES = YES;
				CLANG_WARN_SUSPICIOUS_MOVE = YES;
				CLANG_WARN_UNGUARDED_AVAILABILITY = YES_AGGRESSIVE;
				CLANG_WARN_UNREACHABLE_CODE = YES;
				CLANG_WARN__DUPLICATE_METHOD_MATCH = YES;
				COPY_PHASE_STRIP = NO;
				DEBUG_INFORMATION_FORMAT = dwarf;
				ENABLE_STRICT_OBJC_MSGSEND = YES;
				ENABLE_TESTABILITY = YES;
				ENABLE_USER_SCRIPT_SANDBOXING = NO;
				GCC_C_LANGUAGE_STANDARD = gnu17;
				GCC_DYNAMIC_NO_PIC = NO;
				GCC_NO_COMMON_BLOCKS = YES;
				GCC_OPTIMIZATION_LEVEL = 0;
				GCC_PREPROCESSOR_DEFINITIONS = (
					"DEBUG=1",
					"$(inherited)",
				);
				GCC_WARN_64_TO_32_BIT_CONVERSION = YES;
				GCC_WARN_ABOUT_RETURN_TYPE = YES_ERROR;
				GCC_WARN_UNDECLARED_SELECTOR = YES;
				GCC_WARN_UNINITIALIZED_AUTOS = YES_AGGRESSIVE;
				GCC_WARN_UNUSED_FUNCTION = YES;
				GCC_WARN_UNUSED_VARIABLE = YES;
				IPHONEOS_DEPLOYMENT_TARGET = 17.2;
				LOCALIZATION_PREFERS_STRING_CATALOGS = YES;
				MTL_ENABLE_DEBUG_INFO = INCLUDE_SOURCE;
				MTL_FAST_MATH = YES;
				ONLY_ACTIVE_ARCH = YES;
				SDKROOT = iphoneos;
				SWIFT_ACTIVE_COMPILATION_CONDITIONS = "DEBUG $(inherited)";
				SWIFT_OPTIMIZATION_LEVEL = "-Onone";
			};
			name = Debug;
		};
		C4CD875C2B98BF47005339B6 /* Release */ = {
			isa = XCBuildConfiguration;
			buildSettings = {
				ALWAYS_SEARCH_USER_PATHS = NO;
				ASSETCATALOG_COMPILER_GENERATE_SWIFT_ASSET_SYMBOL_EXTENSIONS = YES;
				CLANG_ANALYZER_NONNULL = YES;
				CLANG_ANALYZER_NUMBER_OBJECT_CONVERSION = YES_AGGRESSIVE;
				CLANG_CXX_LANGUAGE_STANDARD = "gnu++20";
				CLANG_ENABLE_MODULES = YES;
				CLANG_ENABLE_OBJC_ARC = YES;
				CLANG_ENABLE_OBJC_WEAK = YES;
				CLANG_WARN_BLOCK_CAPTURE_AUTORELEASING = YES;
				CLANG_WARN_BOOL_CONVERSION = YES;
				CLANG_WARN_COMMA = YES;
				CLANG_WARN_CONSTANT_CONVERSION = YES;
				CLANG_WARN_DEPRECATED_OBJC_IMPLEMENTATIONS = YES;
				CLANG_WARN_DIRECT_OBJC_ISA_USAGE = YES_ERROR;
				CLANG_WARN_DOCUMENTATION_COMMENTS = YES;
				CLANG_WARN_EMPTY_BODY = YES;
				CLANG_WARN_ENUM_CONVERSION = YES;
				CLANG_WARN_INFINITE_RECURSION = YES;
				CLANG_WARN_INT_CONVERSION = YES;
				CLANG_WARN_NON_LITERAL_NULL_CONVERSION = YES;
				CLANG_WARN_OBJC_IMPLICIT_RETAIN_SELF = YES;
				CLANG_WARN_OBJC_LITERAL_CONVERSION = YES;
				CLANG_WARN_OBJC_ROOT_CLASS = YES_ERROR;
				CLANG_WARN_QUOTED_INCLUDE_IN_FRAMEWORK_HEADER = YES;
				CLANG_WARN_RANGE_LOOP_ANALYSIS = YES;
				CLANG_WARN_STRICT_PROTOTYPES = YES;
				CLANG_WARN_SUSPICIOUS_MOVE = YES;
				CLANG_WARN_UNGUARDED_AVAILABILITY = YES_AGGRESSIVE;
				CLANG_WARN_UNREACHABLE_CODE = YES;
				CLANG_WARN__DUPLICATE_METHOD_MATCH = YES;
				COPY_PHASE_STRIP = NO;
				DEBUG_INFORMATION_FORMAT = "dwarf-with-dsym";
				ENABLE_NS_ASSERTIONS = NO;
				ENABLE_STRICT_OBJC_MSGSEND = YES;
				ENABLE_USER_SCRIPT_SANDBOXING = NO;
				GCC_C_LANGUAGE_STANDARD = gnu17;
				GCC_NO_COMMON_BLOCKS = YES;
				GCC_WARN_64_TO_32_BIT_CONVERSION = YES;
				GCC_WARN_ABOUT_RETURN_TYPE = YES_ERROR;
				GCC_WARN_UNDECLARED_SELECTOR = YES;
				GCC_WARN_UNINITIALIZED_AUTOS = YES_AGGRESSIVE;
				GCC_WARN_UNUSED_FUNCTION = YES;
				GCC_WARN_UNUSED_VARIABLE = YES;
				IPHONEOS_DEPLOYMENT_TARGET = 17.2;
				LOCALIZATION_PREFERS_STRING_CATALOGS = YES;
				MTL_ENABLE_DEBUG_INFO = NO;
				MTL_FAST_MATH = YES;
				SDKROOT = iphoneos;
				SWIFT_COMPILATION_MODE = wholemodule;
				VALIDATE_PRODUCT = YES;
			};
			name = Release;
		};
		C4CD875E2B98BF47005339B6 /* Debug */ = {
			isa = XCBuildConfiguration;
			baseConfigurationReference = 067A7D26A2FACF2B07EDC30D /* Pods-DatingApp.debug.xcconfig */;
			buildSettings = {
				ASSETCATALOG_COMPILER_APPICON_NAME = AppIcon;
				ASSETCATALOG_COMPILER_GLOBAL_ACCENT_COLOR_NAME = AccentColor;
				CODE_SIGN_STYLE = Automatic;
				CURRENT_PROJECT_VERSION = 1;
				DEVELOPMENT_TEAM = 4Q3P58HHV5;
				"EXCLUDED_ARCHS[sdk=iphonesimulator*]" = "";
				GENERATE_INFOPLIST_FILE = YES;
				INFOPLIST_FILE = DatingApp/Info.plist;
				INFOPLIST_KEY_UIApplicationSupportsIndirectInputEvents = YES;
				INFOPLIST_KEY_UILaunchStoryboardName = LaunchScreen;
				INFOPLIST_KEY_UIMainStoryboardFile = Main;
				INFOPLIST_KEY_UISupportedInterfaceOrientations_iPad = "UIInterfaceOrientationPortrait UIInterfaceOrientationPortraitUpsideDown UIInterfaceOrientationLandscapeLeft UIInterfaceOrientationLandscapeRight";
				INFOPLIST_KEY_UISupportedInterfaceOrientations_iPhone = "UIInterfaceOrientationPortrait UIInterfaceOrientationLandscapeLeft UIInterfaceOrientationLandscapeRight";
				LD_RUNPATH_SEARCH_PATHS = (
					"$(inherited)",
					"@executable_path/Frameworks",
				);
				MARKETING_VERSION = 1.0;
				PRODUCT_BUNDLE_IDENTIFIER = com.MikaIlkUygulama.DatingApp;
				PRODUCT_NAME = "$(TARGET_NAME)";
				SWIFT_EMIT_LOC_STRINGS = YES;
				SWIFT_VERSION = 5.0;
				TARGETED_DEVICE_FAMILY = "1,2";
			};
			name = Debug;
		};
		C4CD875F2B98BF47005339B6 /* Release */ = {
			isa = XCBuildConfiguration;
			baseConfigurationReference = AE8B1AA9EC3F8D056EB5C032 /* Pods-DatingApp.release.xcconfig */;
			buildSettings = {
				ASSETCATALOG_COMPILER_APPICON_NAME = AppIcon;
				ASSETCATALOG_COMPILER_GLOBAL_ACCENT_COLOR_NAME = AccentColor;
				CODE_SIGN_STYLE = Automatic;
				CURRENT_PROJECT_VERSION = 1;
				DEVELOPMENT_TEAM = 4Q3P58HHV5;
				"EXCLUDED_ARCHS[sdk=iphonesimulator*]" = "";
				GENERATE_INFOPLIST_FILE = YES;
				INFOPLIST_FILE = DatingApp/Info.plist;
				INFOPLIST_KEY_UIApplicationSupportsIndirectInputEvents = YES;
				INFOPLIST_KEY_UILaunchStoryboardName = LaunchScreen;
				INFOPLIST_KEY_UIMainStoryboardFile = Main;
				INFOPLIST_KEY_UISupportedInterfaceOrientations_iPad = "UIInterfaceOrientationPortrait UIInterfaceOrientationPortraitUpsideDown UIInterfaceOrientationLandscapeLeft UIInterfaceOrientationLandscapeRight";
				INFOPLIST_KEY_UISupportedInterfaceOrientations_iPhone = "UIInterfaceOrientationPortrait UIInterfaceOrientationLandscapeLeft UIInterfaceOrientationLandscapeRight";
				LD_RUNPATH_SEARCH_PATHS = (
					"$(inherited)",
					"@executable_path/Frameworks",
				);
				MARKETING_VERSION = 1.0;
				PRODUCT_BUNDLE_IDENTIFIER = com.MikaIlkUygulama.DatingApp;
				PRODUCT_NAME = "$(TARGET_NAME)";
				SWIFT_EMIT_LOC_STRINGS = YES;
				SWIFT_VERSION = 5.0;
				TARGETED_DEVICE_FAMILY = "1,2";
			};
			name = Release;
		};
/* End XCBuildConfiguration section */

/* Begin XCConfigurationList section */
		C4CD87442B98BF45005339B6 /* Build configuration list for PBXProject "DatingApp" */ = {
			isa = XCConfigurationList;
			buildConfigurations = (
				C4CD875B2B98BF47005339B6 /* Debug */,
				C4CD875C2B98BF47005339B6 /* Release */,
			);
			defaultConfigurationIsVisible = 0;
			defaultConfigurationName = Release;
		};
		C4CD875D2B98BF47005339B6 /* Build configuration list for PBXNativeTarget "DatingApp" */ = {
			isa = XCConfigurationList;
			buildConfigurations = (
				C4CD875E2B98BF47005339B6 /* Debug */,
				C4CD875F2B98BF47005339B6 /* Release */,
			);
			defaultConfigurationIsVisible = 0;
			defaultConfigurationName = Release;
		};
/* End XCConfigurationList section */
	};
	rootObject = C4CD87412B98BF45005339B6 /* Project object */;
}
